
Microsoft Visual Studio Solution File, Format Version 12.00
# Visual Studio Version 16
VisualStudioVersion = 16.0.29418.71
MinimumVisualStudioVersion = 10.0.40219.1
Project("{FAE04EC0-301F-11D3-BF4B-00C04F79EFBC}") = "Calculator", "Calculator.csproj", "{498C7782-E8CD-44D6-BB10-810F56EAF5FF}"
EndProject
Global
	GlobalSection(SolutionConfigurationPlatforms) = preSolution
		Debug|Any CPU = Debug|Any CPU
		Release|Any CPU = Release|Any CPU
	EndGlobalSection
	GlobalSection(ProjectConfigurationPlatforms) = postSolution
		{498C7782-E8CD-44D6-BB10-810F56EAF5FF}.Debug|Any CPU.ActiveCfg = Debug|Any CPU
		{498C7782-E8CD-44D6-BB10-810F56EAF5FF}.Debug|Any CPU.Build.0 = Debug|Any CPU
		{498C7782-E8CD-44D6-BB10-810F56EAF5FF}.Release|Any CPU.ActiveCfg = Release|Any CPU
		{498C7782-E8CD-44D6-BB10-810F56EAF5FF}.Release|Any CPU.Build.0 = Release|Any CPU
	EndGlobalSection
	GlobalSection(SolutionProperties) = preSolution
		HideSolutionNode = FALSE
	EndGlobalSection
	GlobalSection(ExtensibilityGlobals) = postSolution
		SolutionGuid = {FEEAAD17-E1A0-47B3-8A20-C5B450F20897}
	EndGlobalSection
EndGlobal
